// !$*UTF8*$!
{
	archiveVersion = 1;
	classes = {
	};
	objectVersion = 77;
	objects = {

/* Begin PBXContainerItemProxy section */
		E07A76692D53E31500DDD635 /* PBXContainerItemProxy */ = {
			isa = PBXContainerItemProxy;
			containerPortal = E07A76222D53DE0E00DDD635 /* Project object */;
			proxyType = 1;
			remoteGlobalIDString = E07A76292D53DE0E00DDD635;
			remoteInfo = Recipes1;
		};
		E07F2C512D581DD100A10494 /* PBXContainerItemProxy */ = {
			isa = PBXContainerItemProxy;
			containerPortal = E07A76222D53DE0E00DDD635 /* Project object */;
			proxyType = 1;
			remoteGlobalIDString = E07A76292D53DE0E00DDD635;
			remoteInfo = Recipes1;
		};
		E07F2CA52D582EF400A10494 /* PBXContainerItemProxy */ = {
			isa = PBXContainerItemProxy;
			containerPortal = E07A76222D53DE0E00DDD635 /* Project object */;
			proxyType = 1;
			remoteGlobalIDString = E07A76292D53DE0E00DDD635;
			remoteInfo = Recipes1;
		};
/* End PBXContainerItemProxy section */

/* Begin PBXFileReference section */
		E07A762A2D53DE0E00DDD635 /* Recipes1.app */ = {isa = PBXFileReference; explicitFileType = wrapper.application; includeInIndex = 0; path = Recipes1.app; sourceTree = BUILT_PRODUCTS_DIR; };
		E07A76652D53E31500DDD635 /* RecipesTests.xctest */ = {isa = PBXFileReference; explicitFileType = wrapper.cfbundle; includeInIndex = 0; path = RecipesTests.xctest; sourceTree = BUILT_PRODUCTS_DIR; };
		E07F2C4D2D581DD000A10494 /* ImageCacheTests.xctest */ = {isa = PBXFileReference; explicitFileType = wrapper.cfbundle; includeInIndex = 0; path = ImageCacheTests.xctest; sourceTree = BUILT_PRODUCTS_DIR; };
		E07F2CA12D582EF400A10494 /* ImageCacheTestSetup.xctest */ = {isa = PBXFileReference; explicitFileType = wrapper.cfbundle; includeInIndex = 0; path = ImageCacheTestSetup.xctest; sourceTree = BUILT_PRODUCTS_DIR; };
/* End PBXFileReference section */

/* Begin PBXFileSystemSynchronizedBuildFileExceptionSet section */
		E05909202D54067000FFAB6E /* Exceptions for "Recipes1" folder in "RecipesTests" target */ = {
			isa = PBXFileSystemSynchronizedBuildFileExceptionSet;
			membershipExceptions = (
				"Preview Content/TestData.swift",
			);
			target = E07A76642D53E31500DDD635 /* RecipesTests */;
		};
		E07F2CAD2D582F6F00A10494 /* Exceptions for "Recipes1" folder in "ImageCacheTests" target */ = {
			isa = PBXFileSystemSynchronizedBuildFileExceptionSet;
			membershipExceptions = (
				"Preview Content/ImageCacheTestSetup.swift",
			);
			target = E07F2C4C2D581DD000A10494 /* ImageCacheTests */;
		};
		E07F2CB32D58329E00A10494 /* Exceptions for "Recipes1" folder in "Recipes1" target */ = {
			isa = PBXFileSystemSynchronizedBuildFileExceptionSet;
			membershipExceptions = (
				"Preview Content/ImageCacheTestSetup.swift",
			);
			target = E07A76292D53DE0E00DDD635 /* Recipes1 */;
		};
		E07F2CBA2D58332500A10494 /* Exceptions for "ImageCacheTests" folder in "ImageCacheTestSetup" target */ = {
			isa = PBXFileSystemSynchronizedBuildFileExceptionSet;
			membershipExceptions = (
				ImageCacheTests.swift,
			);
			target = E07F2CA02D582EF400A10494 /* ImageCacheTestSetup */;
		};
		E07F2CBD2D5833BA00A10494 /* Exceptions for "Recipes1" folder in "ImageCacheTestSetup" target */ = {
			isa = PBXFileSystemSynchronizedBuildFileExceptionSet;
			membershipExceptions = (
				"Preview Content/ImageCacheTestSetup.swift",
			);
			target = E07F2CA02D582EF400A10494 /* ImageCacheTestSetup */;
		};
/* End PBXFileSystemSynchronizedBuildFileExceptionSet section */

/* Begin PBXFileSystemSynchronizedRootGroup section */
		E07A762C2D53DE0E00DDD635 /* Recipes1 */ = {
			isa = PBXFileSystemSynchronizedRootGroup;
			exceptions = (
				E07F2CB32D58329E00A10494 /* Exceptions for "Recipes1" folder in "Recipes1" target */,
				E05909202D54067000FFAB6E /* Exceptions for "Recipes1" folder in "RecipesTests" target */,
				E07F2CAD2D582F6F00A10494 /* Exceptions for "Recipes1" folder in "ImageCacheTests" target */,
				E07F2CBD2D5833BA00A10494 /* Exceptions for "Recipes1" folder in "ImageCacheTestSetup" target */,
			);
			path = Recipes1;
			sourceTree = "<group>";
		};
		E07A76662D53E31500DDD635 /* RecipesTests */ = {
			isa = PBXFileSystemSynchronizedRootGroup;
			path = RecipesTests;
			sourceTree = "<group>";
		};
		E07F2C4E2D581DD100A10494 /* ImageCacheTests */ = {
			isa = PBXFileSystemSynchronizedRootGroup;
			exceptions = (
				E07F2CBA2D58332500A10494 /* Exceptions for "ImageCacheTests" folder in "ImageCacheTestSetup" target */,
			);
			path = ImageCacheTests;
			sourceTree = "<group>";
		};
/* End PBXFileSystemSynchronizedRootGroup section */

/* Begin PBXFrameworksBuildPhase section */
		E07A76272D53DE0E00DDD635 /* Frameworks */ = {
			isa = PBXFrameworksBuildPhase;
			buildActionMask = 2147483647;
			files = (
			);
			runOnlyForDeploymentPostprocessing = 0;
		};
		E07A76622D53E31500DDD635 /* Frameworks */ = {
			isa = PBXFrameworksBuildPhase;
			buildActionMask = 2147483647;
			files = (
			);
			runOnlyForDeploymentPostprocessing = 0;
		};
		E07F2C4A2D581DD000A10494 /* Frameworks */ = {
			isa = PBXFrameworksBuildPhase;
			buildActionMask = 2147483647;
			files = (
			);
			runOnlyForDeploymentPostprocessing = 0;
		};
		E07F2C9E2D582EF400A10494 /* Frameworks */ = {
			isa = PBXFrameworksBuildPhase;
			buildActionMask = 2147483647;
			files = (
			);
			runOnlyForDeploymentPostprocessing = 0;
		};
/* End PBXFrameworksBuildPhase section */

/* Begin PBXGroup section */
		E07A76212D53DE0E00DDD635 = {
			isa = PBXGroup;
			children = (
				E07A762C2D53DE0E00DDD635 /* Recipes1 */,
				E07A76662D53E31500DDD635 /* RecipesTests */,
				E07F2C4E2D581DD100A10494 /* ImageCacheTests */,
				E07A762B2D53DE0E00DDD635 /* Products */,
			);
			sourceTree = "<group>";
		};
		E07A762B2D53DE0E00DDD635 /* Products */ = {
			isa = PBXGroup;
			children = (
				E07A762A2D53DE0E00DDD635 /* Recipes1.app */,
				E07A76652D53E31500DDD635 /* RecipesTests.xctest */,
				E07F2C4D2D581DD000A10494 /* ImageCacheTests.xctest */,
				E07F2CA12D582EF400A10494 /* ImageCacheTestSetup.xctest */,
			);
			name = Products;
			sourceTree = "<group>";
		};
/* End PBXGroup section */

/* Begin PBXNativeTarget section */
		E07A76292D53DE0E00DDD635 /* Recipes1 */ = {
			isa = PBXNativeTarget;
			buildConfigurationList = E07A764E2D53DE1100DDD635 /* Build configuration list for PBXNativeTarget "Recipes1" */;
			buildPhases = (
				E07A76262D53DE0E00DDD635 /* Sources */,
				E07A76272D53DE0E00DDD635 /* Frameworks */,
				E07A76282D53DE0E00DDD635 /* Resources */,
			);
			buildRules = (
			);
			dependencies = (
			);
			fileSystemSynchronizedGroups = (
				E07A762C2D53DE0E00DDD635 /* Recipes1 */,
			);
			name = Recipes1;
			packageProductDependencies = (
			);
			productName = Recipes1;
			productReference = E07A762A2D53DE0E00DDD635 /* Recipes1.app */;
			productType = "com.apple.product-type.application";
		};
		E07A76642D53E31500DDD635 /* RecipesTests */ = {
			isa = PBXNativeTarget;
			buildConfigurationList = E07A766B2D53E31500DDD635 /* Build configuration list for PBXNativeTarget "RecipesTests" */;
			buildPhases = (
				E07A76612D53E31500DDD635 /* Sources */,
				E07A76622D53E31500DDD635 /* Frameworks */,
				E07A76632D53E31500DDD635 /* Resources */,
			);
			buildRules = (
			);
			dependencies = (
				E07A766A2D53E31500DDD635 /* PBXTargetDependency */,
			);
			fileSystemSynchronizedGroups = (
				E07A76662D53E31500DDD635 /* RecipesTests */,
			);
			name = RecipesTests;
			packageProductDependencies = (
			);
			productName = RecipesTests;
			productReference = E07A76652D53E31500DDD635 /* RecipesTests.xctest */;
			productType = "com.apple.product-type.bundle.unit-test";
		};
		E07F2C4C2D581DD000A10494 /* ImageCacheTests */ = {
			isa = PBXNativeTarget;
			buildConfigurationList = E07F2C532D581DD100A10494 /* Build configuration list for PBXNativeTarget "ImageCacheTests" */;
			buildPhases = (
				E07F2C492D581DD000A10494 /* Sources */,
				E07F2C4A2D581DD000A10494 /* Frameworks */,
				E07F2C4B2D581DD000A10494 /* Resources */,
			);
			buildRules = (
			);
			dependencies = (
				E07F2C522D581DD100A10494 /* PBXTargetDependency */,
			);
			fileSystemSynchronizedGroups = (
				E07F2C4E2D581DD100A10494 /* ImageCacheTests */,
			);
			name = ImageCacheTests;
			packageProductDependencies = (
			);
			productName = ImageCacheTests;
			productReference = E07F2C4D2D581DD000A10494 /* ImageCacheTests.xctest */;
			productType = "com.apple.product-type.bundle.unit-test";
		};
		E07F2CA02D582EF400A10494 /* ImageCacheTestSetup */ = {
			isa = PBXNativeTarget;
			buildConfigurationList = E07F2CA72D582EF400A10494 /* Build configuration list for PBXNativeTarget "ImageCacheTestSetup" */;
			buildPhases = (
				E07F2C9D2D582EF400A10494 /* Sources */,
				E07F2C9E2D582EF400A10494 /* Frameworks */,
				E07F2C9F2D582EF400A10494 /* Resources */,
			);
			buildRules = (
			);
			dependencies = (
				E07F2CA62D582EF400A10494 /* PBXTargetDependency */,
			);
			name = ImageCacheTestSetup;
			packageProductDependencies = (
			);
			productName = ImageCacheTestSetup;
			productReference = E07F2CA12D582EF400A10494 /* ImageCacheTestSetup.xctest */;
			productType = "com.apple.product-type.bundle.unit-test";
		};
/* End PBXNativeTarget section */

/* Begin PBXProject section */
		E07A76222D53DE0E00DDD635 /* Project object */ = {
			isa = PBXProject;
			attributes = {
				BuildIndependentTargetsInParallel = 1;
				LastSwiftUpdateCheck = 1620;
				LastUpgradeCheck = 1620;
				TargetAttributes = {
					E07A76292D53DE0E00DDD635 = {
						CreatedOnToolsVersion = 16.2;
					};
					E07A76642D53E31500DDD635 = {
						CreatedOnToolsVersion = 16.2;
						TestTargetID = E07A76292D53DE0E00DDD635;
					};
					E07F2C4C2D581DD000A10494 = {
						CreatedOnToolsVersion = 16.2;
						TestTargetID = E07A76292D53DE0E00DDD635;
					};
					E07F2CA02D582EF400A10494 = {
						CreatedOnToolsVersion = 16.2;
						TestTargetID = E07A76292D53DE0E00DDD635;
					};
				};
			};
			buildConfigurationList = E07A76252D53DE0E00DDD635 /* Build configuration list for PBXProject "Recipes1" */;
			developmentRegion = en;
			hasScannedForEncodings = 0;
			knownRegions = (
				en,
				Base,
			);
			mainGroup = E07A76212D53DE0E00DDD635;
			minimizedProjectReferenceProxies = 1;
			preferredProjectObjectVersion = 77;
			productRefGroup = E07A762B2D53DE0E00DDD635 /* Products */;
			projectDirPath = "";
			projectRoot = "";
			targets = (
				E07A76292D53DE0E00DDD635 /* Recipes1 */,
				E07A76642D53E31500DDD635 /* RecipesTests */,
				E07F2C4C2D581DD000A10494 /* ImageCacheTests */,
				E07F2CA02D582EF400A10494 /* ImageCacheTestSetup */,
			);
		};
/* End PBXProject section */

/* Begin PBXResourcesBuildPhase section */
		E07A76282D53DE0E00DDD635 /* Resources */ = {
			isa = PBXResourcesBuildPhase;
			buildActionMask = 2147483647;
			files = (
			);
			runOnlyForDeploymentPostprocessing = 0;
		};
		E07A76632D53E31500DDD635 /* Resources */ = {
			isa = PBXResourcesBuildPhase;
			buildActionMask = 2147483647;
			files = (
			);
			runOnlyForDeploymentPostprocessing = 0;
		};
		E07F2C4B2D581DD000A10494 /* Resources */ = {
			isa = PBXResourcesBuildPhase;
			buildActionMask = 2147483647;
			files = (
			);
			runOnlyForDeploymentPostprocessing = 0;
		};
		E07F2C9F2D582EF400A10494 /* Resources */ = {
			isa = PBXResourcesBuildPhase;
			buildActionMask = 2147483647;
			files = (
			);
			runOnlyForDeploymentPostprocessing = 0;
		};
/* End PBXResourcesBuildPhase section */

/* Begin PBXSourcesBuildPhase section */
		E07A76262D53DE0E00DDD635 /* Sources */ = {
			isa = PBXSourcesBuildPhase;
			buildActionMask = 2147483647;
			files = (
			);
			runOnlyForDeploymentPostprocessing = 0;
		};
		E07A76612D53E31500DDD635 /* Sources */ = {
			isa = PBXSourcesBuildPhase;
			buildActionMask = 2147483647;
			files = (
			);
			runOnlyForDeploymentPostprocessing = 0;
		};
		E07F2C492D581DD000A10494 /* Sources */ = {
			isa = PBXSourcesBuildPhase;
			buildActionMask = 2147483647;
			files = (
			);
			runOnlyForDeploymentPostprocessing = 0;
		};
		E07F2C9D2D582EF400A10494 /* Sources */ = {
			isa = PBXSourcesBuildPhase;
			buildActionMask = 2147483647;
			files = (
			);
			runOnlyForDeploymentPostprocessing = 0;
		};
/* End PBXSourcesBuildPhase section */

/* Begin PBXTargetDependency section */
		E07A766A2D53E31500DDD635 /* PBXTargetDependency */ = {
			isa = PBXTargetDependency;
			target = E07A76292D53DE0E00DDD635 /* Recipes1 */;
			targetProxy = E07A76692D53E31500DDD635 /* PBXContainerItemProxy */;
		};
		E07F2C522D581DD100A10494 /* PBXTargetDependency */ = {
			isa = PBXTargetDependency;
			target = E07A76292D53DE0E00DDD635 /* Recipes1 */;
			targetProxy = E07F2C512D581DD100A10494 /* PBXContainerItemProxy */;
		};
		E07F2CA62D582EF400A10494 /* PBXTargetDependency */ = {
			isa = PBXTargetDependency;
			target = E07A76292D53DE0E00DDD635 /* Recipes1 */;
			targetProxy = E07F2CA52D582EF400A10494 /* PBXContainerItemProxy */;
		};
/* End PBXTargetDependency section */

/* Begin XCBuildConfiguration section */
		E07A764C2D53DE1100DDD635 /* Debug */ = {
			isa = XCBuildConfiguration;
			buildSettings = {
				ALWAYS_SEARCH_USER_PATHS = NO;
				ASSETCATALOG_COMPILER_GENERATE_SWIFT_ASSET_SYMBOL_EXTENSIONS = YES;
				CLANG_ANALYZER_NONNULL = YES;
				CLANG_ANALYZER_NUMBER_OBJECT_CONVERSION = YES_AGGRESSIVE;
				CLANG_CXX_LANGUAGE_STANDARD = "gnu++20";
				CLANG_ENABLE_MODULES = YES;
				CLANG_ENABLE_OBJC_ARC = YES;
				CLANG_ENABLE_OBJC_WEAK = YES;
				CLANG_WARN_BLOCK_CAPTURE_AUTORELEASING = YES;
				CLANG_WARN_BOOL_CONVERSION = YES;
				CLANG_WARN_COMMA = YES;
				CLANG_WARN_CONSTANT_CONVERSION = YES;
				CLANG_WARN_DEPRECATED_OBJC_IMPLEMENTATIONS = YES;
				CLANG_WARN_DIRECT_OBJC_ISA_USAGE = YES_ERROR;
				CLANG_WARN_DOCUMENTATION_COMMENTS = YES;
				CLANG_WARN_EMPTY_BODY = YES;
				CLANG_WARN_ENUM_CONVERSION = YES;
				CLANG_WARN_INFINITE_RECURSION = YES;
				CLANG_WARN_INT_CONVERSION = YES;
				CLANG_WARN_NON_LITERAL_NULL_CONVERSION = YES;
				CLANG_WARN_OBJC_IMPLICIT_RETAIN_SELF = YES;
				CLANG_WARN_OBJC_LITERAL_CONVERSION = YES;
				CLANG_WARN_OBJC_ROOT_CLASS = YES_ERROR;
				CLANG_WARN_QUOTED_INCLUDE_IN_FRAMEWORK_HEADER = YES;
				CLANG_WARN_RANGE_LOOP_ANALYSIS = YES;
				CLANG_WARN_STRICT_PROTOTYPES = YES;
				CLANG_WARN_SUSPICIOUS_MOVE = YES;
				CLANG_WARN_UNGUARDED_AVAILABILITY = YES_AGGRESSIVE;
				CLANG_WARN_UNREACHABLE_CODE = YES;
				CLANG_WARN__DUPLICATE_METHOD_MATCH = YES;
				COPY_PHASE_STRIP = NO;
				DEBUG_INFORMATION_FORMAT = dwarf;
				ENABLE_STRICT_OBJC_MSGSEND = YES;
				ENABLE_TESTABILITY = YES;
				ENABLE_USER_SCRIPT_SANDBOXING = YES;
				GCC_C_LANGUAGE_STANDARD = gnu17;
				GCC_DYNAMIC_NO_PIC = NO;
				GCC_NO_COMMON_BLOCKS = YES;
				GCC_OPTIMIZATION_LEVEL = 0;
				GCC_PREPROCESSOR_DEFINITIONS = (
					"DEBUG=1",
					"$(inherited)",
				);
				GCC_WARN_64_TO_32_BIT_CONVERSION = YES;
				GCC_WARN_ABOUT_RETURN_TYPE = YES_ERROR;
				GCC_WARN_UNDECLARED_SELECTOR = YES;
				GCC_WARN_UNINITIALIZED_AUTOS = YES_AGGRESSIVE;
				GCC_WARN_UNUSED_FUNCTION = YES;
				GCC_WARN_UNUSED_VARIABLE = YES;
				IPHONEOS_DEPLOYMENT_TARGET = 18.2;
				LOCALIZATION_PREFERS_STRING_CATALOGS = YES;
				MTL_ENABLE_DEBUG_INFO = INCLUDE_SOURCE;
				MTL_FAST_MATH = YES;
				ONLY_ACTIVE_ARCH = YES;
				SDKROOT = iphoneos;
				SWIFT_ACTIVE_COMPILATION_CONDITIONS = "DEBUG $(inherited)";
				SWIFT_OPTIMIZATION_LEVEL = "-Onone";
			};
			name = Debug;
		};
		E07A764D2D53DE1100DDD635 /* Release */ = {
			isa = XCBuildConfiguration;
			buildSettings = {
				ALWAYS_SEARCH_USER_PATHS = NO;
				ASSETCATALOG_COMPILER_GENERATE_SWIFT_ASSET_SYMBOL_EXTENSIONS = YES;
				CLANG_ANALYZER_NONNULL = YES;
				CLANG_ANALYZER_NUMBER_OBJECT_CONVERSION = YES_AGGRESSIVE;
				CLANG_CXX_LANGUAGE_STANDARD = "gnu++20";
				CLANG_ENABLE_MODULES = YES;
				CLANG_ENABLE_OBJC_ARC = YES;
				CLANG_ENABLE_OBJC_WEAK = YES;
				CLANG_WARN_BLOCK_CAPTURE_AUTORELEASING = YES;
				CLANG_WARN_BOOL_CONVERSION = YES;
				CLANG_WARN_COMMA = YES;
				CLANG_WARN_CONSTANT_CONVERSION = YES;
				CLANG_WARN_DEPRECATED_OBJC_IMPLEMENTATIONS = YES;
				CLANG_WARN_DIRECT_OBJC_ISA_USAGE = YES_ERROR;
				CLANG_WARN_DOCUMENTATION_COMMENTS = YES;
				CLANG_WARN_EMPTY_BODY = YES;
				CLANG_WARN_ENUM_CONVERSION = YES;
				CLANG_WARN_INFINITE_RECURSION = YES;
				CLANG_WARN_INT_CONVERSION = YES;
				CLANG_WARN_NON_LITERAL_NULL_CONVERSION = YES;
				CLANG_WARN_OBJC_IMPLICIT_RETAIN_SELF = YES;
				CLANG_WARN_OBJC_LITERAL_CONVERSION = YES;
				CLANG_WARN_OBJC_ROOT_CLASS = YES_ERROR;
				CLANG_WARN_QUOTED_INCLUDE_IN_FRAMEWORK_HEADER = YES;
				CLANG_WARN_RANGE_LOOP_ANALYSIS = YES;
				CLANG_WARN_STRICT_PROTOTYPES = YES;
				CLANG_WARN_SUSPICIOUS_MOVE = YES;
				CLANG_WARN_UNGUARDED_AVAILABILITY = YES_AGGRESSIVE;
				CLANG_WARN_UNREACHABLE_CODE = YES;
				CLANG_WARN__DUPLICATE_METHOD_MATCH = YES;
				COPY_PHASE_STRIP = NO;
				DEBUG_INFORMATION_FORMAT = "dwarf-with-dsym";
				ENABLE_NS_ASSERTIONS = NO;
				ENABLE_STRICT_OBJC_MSGSEND = YES;
				ENABLE_USER_SCRIPT_SANDBOXING = YES;
				GCC_C_LANGUAGE_STANDARD = gnu17;
				GCC_NO_COMMON_BLOCKS = YES;
				GCC_WARN_64_TO_32_BIT_CONVERSION = YES;
				GCC_WARN_ABOUT_RETURN_TYPE = YES_ERROR;
				GCC_WARN_UNDECLARED_SELECTOR = YES;
				GCC_WARN_UNINITIALIZED_AUTOS = YES_AGGRESSIVE;
				GCC_WARN_UNUSED_FUNCTION = YES;
				GCC_WARN_UNUSED_VARIABLE = YES;
				IPHONEOS_DEPLOYMENT_TARGET = 18.2;
				LOCALIZATION_PREFERS_STRING_CATALOGS = YES;
				MTL_ENABLE_DEBUG_INFO = NO;
				MTL_FAST_MATH = YES;
				SDKROOT = iphoneos;
				SWIFT_COMPILATION_MODE = wholemodule;
				VALIDATE_PRODUCT = YES;
			};
			name = Release;
		};
		E07A764F2D53DE1100DDD635 /* Debug */ = {
			isa = XCBuildConfiguration;
			buildSettings = {
				ASSETCATALOG_COMPILER_APPICON_NAME = AppIcon;
				ASSETCATALOG_COMPILER_GLOBAL_ACCENT_COLOR_NAME = AccentColor;
				CODE_SIGN_STYLE = Automatic;
				CURRENT_PROJECT_VERSION = 1;
				DEVELOPMENT_ASSET_PATHS = "\"Recipes1/Preview Content\"";
				DEVELOPMENT_TEAM = Z223CPX69S;
				ENABLE_PREVIEWS = YES;
				GENERATE_INFOPLIST_FILE = YES;
				INFOPLIST_KEY_UIApplicationSceneManifest_Generation = YES;
				INFOPLIST_KEY_UIApplicationSupportsIndirectInputEvents = YES;
				INFOPLIST_KEY_UILaunchScreen_Generation = YES;
				INFOPLIST_KEY_UISupportedInterfaceOrientations_iPad = "UIInterfaceOrientationPortrait UIInterfaceOrientationPortraitUpsideDown UIInterfaceOrientationLandscapeLeft UIInterfaceOrientationLandscapeRight";
				INFOPLIST_KEY_UISupportedInterfaceOrientations_iPhone = "UIInterfaceOrientationPortrait UIInterfaceOrientationLandscapeLeft UIInterfaceOrientationLandscapeRight";
				IPHONEOS_DEPLOYMENT_TARGET = 16.0;
				LD_RUNPATH_SEARCH_PATHS = (
					"$(inherited)",
					"@executable_path/Frameworks",
				);
				MARKETING_VERSION = 1.0;
				PRODUCT_BUNDLE_IDENTIFIER = com.sergiohernandez.Recipes1;
				PRODUCT_NAME = "$(TARGET_NAME)";
				SUPPORTED_PLATFORMS = "iphoneos iphonesimulator";
				SUPPORTS_MACCATALYST = NO;
				SUPPORTS_MAC_DESIGNED_FOR_IPHONE_IPAD = NO;
				SUPPORTS_XR_DESIGNED_FOR_IPHONE_IPAD = NO;
				SWIFT_EMIT_LOC_STRINGS = YES;
				SWIFT_VERSION = 5.0;
				TARGETED_DEVICE_FAMILY = "1,2";
			};
			name = Debug;
		};
		E07A76502D53DE1100DDD635 /* Release */ = {
			isa = XCBuildConfiguration;
			buildSettings = {
				ASSETCATALOG_COMPILER_APPICON_NAME = AppIcon;
				ASSETCATALOG_COMPILER_GLOBAL_ACCENT_COLOR_NAME = AccentColor;
				CODE_SIGN_STYLE = Automatic;
				CURRENT_PROJECT_VERSION = 1;
				DEVELOPMENT_ASSET_PATHS = "\"Recipes1/Preview Content\"";
				DEVELOPMENT_TEAM = Z223CPX69S;
				ENABLE_PREVIEWS = YES;
				GENERATE_INFOPLIST_FILE = YES;
				INFOPLIST_KEY_UIApplicationSceneManifest_Generation = YES;
				INFOPLIST_KEY_UIApplicationSupportsIndirectInputEvents = YES;
				INFOPLIST_KEY_UILaunchScreen_Generation = YES;
				INFOPLIST_KEY_UISupportedInterfaceOrientations_iPad = "UIInterfaceOrientationPortrait UIInterfaceOrientationPortraitUpsideDown UIInterfaceOrientationLandscapeLeft UIInterfaceOrientationLandscapeRight";
				INFOPLIST_KEY_UISupportedInterfaceOrientations_iPhone = "UIInterfaceOrientationPortrait UIInterfaceOrientationLandscapeLeft UIInterfaceOrientationLandscapeRight";
				IPHONEOS_DEPLOYMENT_TARGET = 16.0;
				LD_RUNPATH_SEARCH_PATHS = (
					"$(inherited)",
					"@executable_path/Frameworks",
				);
				MARKETING_VERSION = 1.0;
				PRODUCT_BUNDLE_IDENTIFIER = com.sergiohernandez.Recipes1;
				PRODUCT_NAME = "$(TARGET_NAME)";
				SUPPORTED_PLATFORMS = "iphoneos iphonesimulator";
				SUPPORTS_MACCATALYST = NO;
				SUPPORTS_MAC_DESIGNED_FOR_IPHONE_IPAD = NO;
				SUPPORTS_XR_DESIGNED_FOR_IPHONE_IPAD = NO;
				SWIFT_EMIT_LOC_STRINGS = YES;
				SWIFT_VERSION = 5.0;
				TARGETED_DEVICE_FAMILY = "1,2";
			};
			name = Release;
		};
		E07A766C2D53E31500DDD635 /* Debug */ = {
			isa = XCBuildConfiguration;
			buildSettings = {
				BUNDLE_LOADER = "$(TEST_HOST)";
				CODE_SIGN_STYLE = Automatic;
				CURRENT_PROJECT_VERSION = 1;
				DEVELOPMENT_TEAM = Z223CPX69S;
				GENERATE_INFOPLIST_FILE = YES;
				MARKETING_VERSION = 1.0;
				PRODUCT_BUNDLE_IDENTIFIER = com.sergiohernandez.RecipesTests;
				PRODUCT_NAME = "$(TARGET_NAME)";
				SUPPORTED_PLATFORMS = "iphoneos iphonesimulator";
				SUPPORTS_MACCATALYST = NO;
				SUPPORTS_MAC_DESIGNED_FOR_IPHONE_IPAD = NO;
				SUPPORTS_XR_DESIGNED_FOR_IPHONE_IPAD = NO;
				SWIFT_EMIT_LOC_STRINGS = NO;
				SWIFT_VERSION = 5.0;
				TARGETED_DEVICE_FAMILY = 1;
				TEST_HOST = "$(BUILT_PRODUCTS_DIR)/Recipes1.app/$(BUNDLE_EXECUTABLE_FOLDER_PATH)/Recipes1";
			};
			name = Debug;
		};
		E07A766D2D53E31500DDD635 /* Release */ = {
			isa = XCBuildConfiguration;
			buildSettings = {
				BUNDLE_LOADER = "$(TEST_HOST)";
				CODE_SIGN_STYLE = Automatic;
				CURRENT_PROJECT_VERSION = 1;
				DEVELOPMENT_TEAM = Z223CPX69S;
				GENERATE_INFOPLIST_FILE = YES;
				MARKETING_VERSION = 1.0;
				PRODUCT_BUNDLE_IDENTIFIER = com.sergiohernandez.RecipesTests;
				PRODUCT_NAME = "$(TARGET_NAME)";
				SUPPORTED_PLATFORMS = "iphoneos iphonesimulator";
				SUPPORTS_MACCATALYST = NO;
				SUPPORTS_MAC_DESIGNED_FOR_IPHONE_IPAD = NO;
				SUPPORTS_XR_DESIGNED_FOR_IPHONE_IPAD = NO;
				SWIFT_EMIT_LOC_STRINGS = NO;
				SWIFT_VERSION = 5.0;
				TARGETED_DEVICE_FAMILY = 1;
				TEST_HOST = "$(BUILT_PRODUCTS_DIR)/Recipes1.app/$(BUNDLE_EXECUTABLE_FOLDER_PATH)/Recipes1";
			};
			name = Release;
		};
		E07F2C542D581DD100A10494 /* Debug */ = {
			isa = XCBuildConfiguration;
			buildSettings = {
				BUNDLE_LOADER = "$(TEST_HOST)";
				CODE_SIGN_STYLE = Automatic;
				CURRENT_PROJECT_VERSION = 1;
				DEVELOPMENT_TEAM = Z223CPX69S;
				GENERATE_INFOPLIST_FILE = YES;
				MARKETING_VERSION = 1.0;
				PRODUCT_BUNDLE_IDENTIFIER = com.sergiohernandez.ImageCacheTests;
				PRODUCT_NAME = "$(TARGET_NAME)";
				SWIFT_EMIT_LOC_STRINGS = NO;
				SWIFT_VERSION = 5.0;
				TARGETED_DEVICE_FAMILY = "1,2";
				TEST_HOST = "$(BUILT_PRODUCTS_DIR)/Recipes1.app/$(BUNDLE_EXECUTABLE_FOLDER_PATH)/Recipes1";
			};
			name = Debug;
		};
		E07F2C552D581DD100A10494 /* Release */ = {
			isa = XCBuildConfiguration;
			buildSettings = {
				BUNDLE_LOADER = "$(TEST_HOST)";
				CODE_SIGN_STYLE = Automatic;
				CURRENT_PROJECT_VERSION = 1;
				DEVELOPMENT_TEAM = Z223CPX69S;
				GENERATE_INFOPLIST_FILE = YES;
				MARKETING_VERSION = 1.0;
				PRODUCT_BUNDLE_IDENTIFIER = com.sergiohernandez.ImageCacheTests;
				PRODUCT_NAME = "$(TARGET_NAME)";
				SWIFT_EMIT_LOC_STRINGS = NO;
				SWIFT_VERSION = 5.0;
				TARGETED_DEVICE_FAMILY = "1,2";
				TEST_HOST = "$(BUILT_PRODUCTS_DIR)/Recipes1.app/$(BUNDLE_EXECUTABLE_FOLDER_PATH)/Recipes1";
			};
			name = Release;
		};
		E07F2CA82D582EF400A10494 /* Debug */ = {
			isa = XCBuildConfiguration;
			buildSettings = {
				BUNDLE_LOADER = "$(TEST_HOST)";
				CODE_SIGN_STYLE = Automatic;
				CURRENT_PROJECT_VERSION = 1;
				DEVELOPMENT_TEAM = Z223CPX69S;
				GENERATE_INFOPLIST_FILE = YES;
				MARKETING_VERSION = 1.0;
				PRODUCT_BUNDLE_IDENTIFIER = com.sergiohernandez.ImageCacheTestSetup;
				PRODUCT_NAME = "$(TARGET_NAME)";
				SWIFT_EMIT_LOC_STRINGS = NO;
				SWIFT_VERSION = 5.0;
				TARGETED_DEVICE_FAMILY = "1,2";
				TEST_HOST = "$(BUILT_PRODUCTS_DIR)/Recipes1.app/$(BUNDLE_EXECUTABLE_FOLDER_PATH)/Recipes1";
			};
			name = Debug;
		};
		E07F2CA92D582EF400A10494 /* Release */ = {
			isa = XCBuildConfiguration;
			buildSettings = {
				BUNDLE_LOADER = "$(TEST_HOST)";
				CODE_SIGN_STYLE = Automatic;
				CURRENT_PROJECT_VERSION = 1;
				DEVELOPMENT_TEAM = Z223CPX69S;
				GENERATE_INFOPLIST_FILE = YES;
				MARKETING_VERSION = 1.0;
				PRODUCT_BUNDLE_IDENTIFIER = com.sergiohernandez.ImageCacheTestSetup;
				PRODUCT_NAME = "$(TARGET_NAME)";
				SWIFT_EMIT_LOC_STRINGS = NO;
				SWIFT_VERSION = 5.0;
				TARGETED_DEVICE_FAMILY = "1,2";
				TEST_HOST = "$(BUILT_PRODUCTS_DIR)/Recipes1.app/$(BUNDLE_EXECUTABLE_FOLDER_PATH)/Recipes1";
			};
			name = Release;
		};
/* End XCBuildConfiguration section */

/* Begin XCConfigurationList section */
		E07A76252D53DE0E00DDD635 /* Build configuration list for PBXProject "Recipes1" */ = {
			isa = XCConfigurationList;
			buildConfigurations = (
				E07A764C2D53DE1100DDD635 /* Debug */,
				E07A764D2D53DE1100DDD635 /* Release */,
			);
			defaultConfigurationIsVisible = 0;
			defaultConfigurationName = Release;
		};
		E07A764E2D53DE1100DDD635 /* Build configuration list for PBXNativeTarget "Recipes1" */ = {
			isa = XCConfigurationList;
			buildConfigurations = (
				E07A764F2D53DE1100DDD635 /* Debug */,
				E07A76502D53DE1100DDD635 /* Release */,
			);
			defaultConfigurationIsVisible = 0;
			defaultConfigurationName = Release;
		};
		E07A766B2D53E31500DDD635 /* Build configuration list for PBXNativeTarget "RecipesTests" */ = {
			isa = XCConfigurationList;
			buildConfigurations = (
				E07A766C2D53E31500DDD635 /* Debug */,
				E07A766D2D53E31500DDD635 /* Release */,
			);
			defaultConfigurationIsVisible = 0;
			defaultConfigurationName = Release;
		};
		E07F2C532D581DD100A10494 /* Build configuration list for PBXNativeTarget "ImageCacheTests" */ = {
			isa = XCConfigurationList;
			buildConfigurations = (
				E07F2C542D581DD100A10494 /* Debug */,
				E07F2C552D581DD100A10494 /* Release */,
			);
			defaultConfigurationIsVisible = 0;
			defaultConfigurationName = Release;
		};
		E07F2CA72D582EF400A10494 /* Build configuration list for PBXNativeTarget "ImageCacheTestSetup" */ = {
			isa = XCConfigurationList;
			buildConfigurations = (
				E07F2CA82D582EF400A10494 /* Debug */,
				E07F2CA92D582EF400A10494 /* Release */,
			);
			defaultConfigurationIsVisible = 0;
			defaultConfigurationName = Release;
		};
/* End XCConfigurationList section */
	};
	rootObject = E07A76222D53DE0E00DDD635 /* Project object */;
}
